
Microsoft Visual Studio Solution File, Format Version 12.00
# Visual Studio Version 17
VisualStudioVersion = 17.2.32616.157
MinimumVisualStudioVersion = 10.0.40219.1
Project("{FAE04EC0-301F-11D3-BF4B-00C04F79EFBC}") = "bradesco.Android", "bradesco\bradesco.Android\bradesco.Android.csproj", "{EA97B095-2588-4E66-991C-B64E7E2E500B}"
EndProject
Project("{FAE04EC0-301F-11D3-BF4B-00C04F79EFBC}") = "bradesco", "bradesco\bradesco\bradesco.csproj", "{65072904-5131-4354-BFA9-C6B7C50F6563}"
EndProject
Global
	GlobalSection(SolutionConfigurationPlatforms) = preSolution
		Debug|Any CPU = Debug|Any CPU
		Release|Any CPU = Release|Any CPU
	EndGlobalSection
	GlobalSection(ProjectConfigurationPlatforms) = postSolution
		{EA97B095-2588-4E66-991C-B64E7E2E500B}.Debug|Any CPU.ActiveCfg = Debug|Any CPU
		{EA97B095-2588-4E66-991C-B64E7E2E500B}.Debug|Any CPU.Build.0 = Debug|Any CPU
		{EA97B095-2588-4E66-991C-B64E7E2E500B}.Debug|Any CPU.Deploy.0 = Debug|Any CPU
		{EA97B095-2588-4E66-991C-B64E7E2E500B}.Release|Any CPU.ActiveCfg = Release|Any CPU
		{EA97B095-2588-4E66-991C-B64E7E2E500B}.Release|Any CPU.Build.0 = Release|Any CPU
		{EA97B095-2588-4E66-991C-B64E7E2E500B}.Release|Any CPU.Deploy.0 = Release|Any CPU
		{65072904-5131-4354-BFA9-C6B7C50F6563}.Debug|Any CPU.ActiveCfg = Debug|Any CPU
		{65072904-5131-4354-BFA9-C6B7C50F6563}.Debug|Any CPU.Build.0 = Debug|Any CPU
		{65072904-5131-4354-BFA9-C6B7C50F6563}.Debug|Any CPU.Deploy.0 = Debug|Any CPU
		{65072904-5131-4354-BFA9-C6B7C50F6563}.Release|Any CPU.ActiveCfg = Release|Any CPU
		{65072904-5131-4354-BFA9-C6B7C50F6563}.Release|Any CPU.Build.0 = Release|Any CPU
		{65072904-5131-4354-BFA9-C6B7C50F6563}.Release|Any CPU.Deploy.0 = Release|Any CPU
	EndGlobalSection
	GlobalSection(SolutionProperties) = preSolution
		HideSolutionNode = FALSE
	EndGlobalSection
	GlobalSection(ExtensibilityGlobals) = postSolution
		SolutionGuid = {C92A5CBB-69DA-43F9-943C-F52B847542E6}
	EndGlobalSection
EndGlobal
